// !$*UTF8*$!
{
	archiveVersion = 1;
	classes = {
	};
	objectVersion = 46;
	objects = {

/* Begin PBXBuildFile section */
		CE07500517126BAC008B1D09 /* UIKit.framework in Frameworks */ = {isa = PBXBuildFile; fileRef = CE07500417126BAC008B1D09 /* UIKit.framework */; };
		CE07500717126BAC008B1D09 /* Foundation.framework in Frameworks */ = {isa = PBXBuildFile; fileRef = CE07500617126BAC008B1D09 /* Foundation.framework */; };
		CE07500917126BAC008B1D09 /* CoreGraphics.framework in Frameworks */ = {isa = PBXBuildFile; fileRef = CE07500817126BAC008B1D09 /* CoreGraphics.framework */; };
		CE07500F17126BAC008B1D09 /* InfoPlist.strings in Resources */ = {isa = PBXBuildFile; fileRef = CE07500D17126BAC008B1D09 /* InfoPlist.strings */; };
		CE07501117126BAC008B1D09 /* main.m in Sources */ = {isa = PBXBuildFile; fileRef = CE07501017126BAC008B1D09 /* main.m */; };
		CE07501517126BAD008B1D09 /* XSAppDelegate.m in Sources */ = {isa = PBXBuildFile; fileRef = CE07501417126BAD008B1D09 /* XSAppDelegate.m */; };
		CE07501717126BAD008B1D09 /* Default.png in Resources */ = {isa = PBXBuildFile; fileRef = CE07501617126BAD008B1D09 /* Default.png */; };
		CE07501917126BAD008B1D09 /* Default@2x.png in Resources */ = {isa = PBXBuildFile; fileRef = CE07501817126BAD008B1D09 /* Default@2x.png */; };
		CE07501B17126BAD008B1D09 /* Default-568h@2x.png in Resources */ = {isa = PBXBuildFile; fileRef = CE07501A17126BAD008B1D09 /* Default-568h@2x.png */; };
		CE07501E17126BAD008B1D09 /* XSViewController.m in Sources */ = {isa = PBXBuildFile; fileRef = CE07501D17126BAD008B1D09 /* XSViewController.m */; };
		CE07502917126EE7008B1D09 /* Cell.m in Sources */ = {isa = PBXBuildFile; fileRef = CE07502817126EE7008B1D09 /* Cell.m */; };
		CE07502C171271BA008B1D09 /* XSUICollectionViewFlowLayout.m in Sources */ = {isa = PBXBuildFile; fileRef = CE07502B171271BA008B1D09 /* XSUICollectionViewFlowLayout.m */; };
		CE94DD0F1712874C000886CF /* Wood-Planks.png in Resources */ = {isa = PBXBuildFile; fileRef = CE94DD0D1712874C000886CF /* Wood-Planks.png */; };
		CE94DD101712874C000886CF /* Wood-Planks@2x.png in Resources */ = {isa = PBXBuildFile; fileRef = CE94DD0E1712874C000886CF /* Wood-Planks@2x.png */; };
		CE94DD1417128863000886CF /* XSDecorationView.m in Sources */ = {isa = PBXBuildFile; fileRef = CE94DD1317128863000886CF /* XSDecorationView.m */; };
		CE94DD1717128B78000886CF /* Apple-Wood.png in Resources */ = {isa = PBXBuildFile; fileRef = CE94DD1517128B78000886CF /* Apple-Wood.png */; };
		CE94DD1817128B78000886CF /* Apple-Wood@2x.png in Resources */ = {isa = PBXBuildFile; fileRef = CE94DD1617128B78000886CF /* Apple-Wood@2x.png */; };
		CE94DD1B17129DE6000886CF /* ConferenceLayoutAttributes.m in Sources */ = {isa = PBXBuildFile; fileRef = CE94DD1A17129DE6000886CF /* ConferenceLayoutAttributes.m */; };
		F8E047919E0346A29720E458 /* libPods.a in Frameworks */ = {isa = PBXBuildFile; fileRef = 4A1976AF415D4016A3458F75 /* libPods.a */; };
/* End PBXBuildFile section */

/* Begin PBXFileReference section */
		4A1976AF415D4016A3458F75 /* libPods.a */ = {isa = PBXFileReference; explicitFileType = archive.ar; includeInIndex = 0; path = libPods.a; sourceTree = BUILT_PRODUCTS_DIR; };
		A5866C65090F4E06957E933D /* Pods.xcconfig */ = {isa = PBXFileReference; includeInIndex = 1; lastKnownFileType = text.xcconfig; name = Pods.xcconfig; path = Pods/Pods.xcconfig; sourceTree = SOURCE_ROOT; };
		CE07500117126BAC008B1D09 /* BookselfDemo.app */ = {isa = PBXFileReference; explicitFileType = wrapper.application; includeInIndex = 0; path = BookselfDemo.app; sourceTree = BUILT_PRODUCTS_DIR; };
		CE07500417126BAC008B1D09 /* UIKit.framework */ = {isa = PBXFileReference; lastKnownFileType = wrapper.framework; name = UIKit.framework; path = System/Library/Frameworks/UIKit.framework; sourceTree = SDKROOT; };
		CE07500617126BAC008B1D09 /* Foundation.framework */ = {isa = PBXFileReference; lastKnownFileType = wrapper.framework; name = Foundation.framework; path = System/Library/Frameworks/Foundation.framework; sourceTree = SDKROOT; };
		CE07500817126BAC008B1D09 /* CoreGraphics.framework */ = {isa = PBXFileReference; lastKnownFileType = wrapper.framework; name = CoreGraphics.framework; path = System/Library/Frameworks/CoreGraphics.framework; sourceTree = SDKROOT; };
		CE07500C17126BAC008B1D09 /* BookselfDemo-Info.plist */ = {isa = PBXFileReference; lastKnownFileType = text.plist.xml; path = "BookselfDemo-Info.plist"; sourceTree = "<group>"; };
		CE07500E17126BAC008B1D09 /* en */ = {isa = PBXFileReference; lastKnownFileType = text.plist.strings; name = en; path = en.lproj/InfoPlist.strings; sourceTree = "<group>"; };
		CE07501017126BAC008B1D09 /* main.m */ = {isa = PBXFileReference; lastKnownFileType = sourcecode.c.objc; path = main.m; sourceTree = "<group>"; };
		CE07501217126BAC008B1D09 /* BookselfDemo-Prefix.pch */ = {isa = PBXFileReference; lastKnownFileType = sourcecode.c.h; path = "BookselfDemo-Prefix.pch"; sourceTree = "<group>"; };
		CE07501317126BAD008B1D09 /* XSAppDelegate.h */ = {isa = PBXFileReference; lastKnownFileType = sourcecode.c.h; path = XSAppDelegate.h; sourceTree = "<group>"; };
		CE07501417126BAD008B1D09 /* XSAppDelegate.m */ = {isa = PBXFileReference; lastKnownFileType = sourcecode.c.objc; path = XSAppDelegate.m; sourceTree = "<group>"; };
		CE07501617126BAD008B1D09 /* Default.png */ = {isa = PBXFileReference; lastKnownFileType = image.png; path = Default.png; sourceTree = "<group>"; };
		CE07501817126BAD008B1D09 /* Default@2x.png */ = {isa = PBXFileReference; lastKnownFileType = image.png; path = "Default@2x.png"; sourceTree = "<group>"; };
		CE07501A17126BAD008B1D09 /* Default-568h@2x.png */ = {isa = PBXFileReference; lastKnownFileType = image.png; path = "Default-568h@2x.png"; sourceTree = "<group>"; };
		CE07501C17126BAD008B1D09 /* XSViewController.h */ = {isa = PBXFileReference; lastKnownFileType = sourcecode.c.h; path = XSViewController.h; sourceTree = "<group>"; };
		CE07501D17126BAD008B1D09 /* XSViewController.m */ = {isa = PBXFileReference; lastKnownFileType = sourcecode.c.objc; path = XSViewController.m; sourceTree = "<group>"; };
		CE07502717126EE7008B1D09 /* Cell.h */ = {isa = PBXFileReference; fileEncoding = 4; lastKnownFileType = sourcecode.c.h; path = Cell.h; sourceTree = "<group>"; };
		CE07502817126EE7008B1D09 /* Cell.m */ = {isa = PBXFileReference; fileEncoding = 4; lastKnownFileType = sourcecode.c.objc; path = Cell.m; sourceTree = "<group>"; };
		CE07502A171271BA008B1D09 /* XSUICollectionViewFlowLayout.h */ = {isa = PBXFileReference; fileEncoding = 4; lastKnownFileType = sourcecode.c.h; path = XSUICollectionViewFlowLayout.h; sourceTree = "<group>"; };
		CE07502B171271BA008B1D09 /* XSUICollectionViewFlowLayout.m */ = {isa = PBXFileReference; fileEncoding = 4; lastKnownFileType = sourcecode.c.objc; path = XSUICollectionViewFlowLayout.m; sourceTree = "<group>"; };
		CE94DD0D1712874C000886CF /* Wood-Planks.png */ = {isa = PBXFileReference; lastKnownFileType = image.png; path = "Wood-Planks.png"; sourceTree = "<group>"; };
		CE94DD0E1712874C000886CF /* Wood-Planks@2x.png */ = {isa = PBXFileReference; lastKnownFileType = image.png; path = "Wood-Planks@2x.png"; sourceTree = "<group>"; };
		CE94DD1217128863000886CF /* XSDecorationView.h */ = {isa = PBXFileReference; fileEncoding = 4; lastKnownFileType = sourcecode.c.h; path = XSDecorationView.h; sourceTree = "<group>"; };
		CE94DD1317128863000886CF /* XSDecorationView.m */ = {isa = PBXFileReference; fileEncoding = 4; lastKnownFileType = sourcecode.c.objc; path = XSDecorationView.m; sourceTree = "<group>"; };
		CE94DD1517128B78000886CF /* Apple-Wood.png */ = {isa = PBXFileReference; lastKnownFileType = image.png; path = "Apple-Wood.png"; sourceTree = "<group>"; };
		CE94DD1617128B78000886CF /* Apple-Wood@2x.png */ = {isa = PBXFileReference; lastKnownFileType = image.png; path = "Apple-Wood@2x.png"; sourceTree = "<group>"; };
		CE94DD1917129DE6000886CF /* ConferenceLayoutAttributes.h */ = {isa = PBXFileReference; fileEncoding = 4; lastKnownFileType = sourcecode.c.h; path = ConferenceLayoutAttributes.h; sourceTree = "<group>"; };
		CE94DD1A17129DE6000886CF /* ConferenceLayoutAttributes.m */ = {isa = PBXFileReference; fileEncoding = 4; lastKnownFileType = sourcecode.c.objc; path = ConferenceLayoutAttributes.m; sourceTree = "<group>"; };
/* End PBXFileReference section */

/* Begin PBXFrameworksBuildPhase section */
		CE074FFE17126BAC008B1D09 /* Frameworks */ = {
			isa = PBXFrameworksBuildPhase;
			buildActionMask = 2147483647;
			files = (
				CE07500517126BAC008B1D09 /* UIKit.framework in Frameworks */,
				CE07500717126BAC008B1D09 /* Foundation.framework in Frameworks */,
				CE07500917126BAC008B1D09 /* CoreGraphics.framework in Frameworks */,
				F8E047919E0346A29720E458 /* libPods.a in Frameworks */,
			);
			runOnlyForDeploymentPostprocessing = 0;
		};
/* End PBXFrameworksBuildPhase section */

/* Begin PBXGroup section */
		CE074FF817126BAC008B1D09 = {
			isa = PBXGroup;
			children = (
				CE07500A17126BAC008B1D09 /* BookselfDemo */,
				CE07500317126BAC008B1D09 /* Frameworks */,
				CE07500217126BAC008B1D09 /* Products */,
				A5866C65090F4E06957E933D /* Pods.xcconfig */,
			);
			sourceTree = "<group>";
		};
		CE07500217126BAC008B1D09 /* Products */ = {
			isa = PBXGroup;
			children = (
				CE07500117126BAC008B1D09 /* BookselfDemo.app */,
			);
			name = Products;
			sourceTree = "<group>";
		};
		CE07500317126BAC008B1D09 /* Frameworks */ = {
			isa = PBXGroup;
			children = (
				CE07500417126BAC008B1D09 /* UIKit.framework */,
				CE07500617126BAC008B1D09 /* Foundation.framework */,
				CE07500817126BAC008B1D09 /* CoreGraphics.framework */,
				4A1976AF415D4016A3458F75 /* libPods.a */,
			);
			name = Frameworks;
			sourceTree = "<group>";
		};
		CE07500A17126BAC008B1D09 /* BookselfDemo */ = {
			isa = PBXGroup;
			children = (
				CE07501317126BAD008B1D09 /* XSAppDelegate.h */,
				CE07501417126BAD008B1D09 /* XSAppDelegate.m */,
				CE07501C17126BAD008B1D09 /* XSViewController.h */,
				CE07501D17126BAD008B1D09 /* XSViewController.m */,
				CE94DD1217128863000886CF /* XSDecorationView.h */,
				CE94DD1317128863000886CF /* XSDecorationView.m */,
				CE07502A171271BA008B1D09 /* XSUICollectionViewFlowLayout.h */,
				CE07502B171271BA008B1D09 /* XSUICollectionViewFlowLayout.m */,
				CE94DD1917129DE6000886CF /* ConferenceLayoutAttributes.h */,
				CE94DD1A17129DE6000886CF /* ConferenceLayoutAttributes.m */,
				CE07502717126EE7008B1D09 /* Cell.h */,
				CE07502817126EE7008B1D09 /* Cell.m */,
				CE94DD1117128751000886CF /* images */,
				CE07500B17126BAC008B1D09 /* Supporting Files */,
			);
			path = BookselfDemo;
			sourceTree = "<group>";
		};
		CE07500B17126BAC008B1D09 /* Supporting Files */ = {
			isa = PBXGroup;
			children = (
				CE07500C17126BAC008B1D09 /* BookselfDemo-Info.plist */,
				CE07500D17126BAC008B1D09 /* InfoPlist.strings */,
				CE07501017126BAC008B1D09 /* main.m */,
				CE07501217126BAC008B1D09 /* BookselfDemo-Prefix.pch */,
				CE07501617126BAD008B1D09 /* Default.png */,
				CE07501817126BAD008B1D09 /* Default@2x.png */,
				CE07501A17126BAD008B1D09 /* Default-568h@2x.png */,
			);
			name = "Supporting Files";
			sourceTree = "<group>";
		};
		CE94DD1117128751000886CF /* images */ = {
			isa = PBXGroup;
			children = (
				CE94DD1517128B78000886CF /* Apple-Wood.png */,
				CE94DD1617128B78000886CF /* Apple-Wood@2x.png */,
				CE94DD0D1712874C000886CF /* Wood-Planks.png */,
				CE94DD0E1712874C000886CF /* Wood-Planks@2x.png */,
			);
			name = images;
			sourceTree = "<group>";
		};
/* End PBXGroup section */

/* Begin PBXNativeTarget section */
		CE07500017126BAC008B1D09 /* BookselfDemo */ = {
			isa = PBXNativeTarget;
			buildConfigurationList = CE07502417126BAD008B1D09 /* Build configuration list for PBXNativeTarget "BookselfDemo" */;
			buildPhases = (
				CE074FFD17126BAC008B1D09 /* Sources */,
				CE074FFE17126BAC008B1D09 /* Frameworks */,
				CE074FFF17126BAC008B1D09 /* Resources */,
				2EDC410A70B34AA2902289BF /* Copy Pods Resources */,
			);
			buildRules = (
			);
			dependencies = (
			);
			name = BookselfDemo;
			productName = BookselfDemo;
			productReference = CE07500117126BAC008B1D09 /* BookselfDemo.app */;
			productType = "com.apple.product-type.application";
		};
/* End PBXNativeTarget section */

/* Begin PBXProject section */
		CE074FF917126BAC008B1D09 /* Project object */ = {
			isa = PBXProject;
			attributes = {
				CLASSPREFIX = XS;
				LastUpgradeCheck = 0460;
				ORGANIZATIONNAME = ICV;
			};
			buildConfigurationList = CE074FFC17126BAC008B1D09 /* Build configuration list for PBXProject "BookselfDemo" */;
			compatibilityVersion = "Xcode 3.2";
			developmentRegion = English;
			hasScannedForEncodings = 0;
			knownRegions = (
				en,
			);
			mainGroup = CE074FF817126BAC008B1D09;
			productRefGroup = CE07500217126BAC008B1D09 /* Products */;
			projectDirPath = "";
			projectRoot = "";
			targets = (
				CE07500017126BAC008B1D09 /* BookselfDemo */,
			);
		};
/* End PBXProject section */

/* Begin PBXResourcesBuildPhase section */
		CE074FFF17126BAC008B1D09 /* Resources */ = {
			isa = PBXResourcesBuildPhase;
			buildActionMask = 2147483647;
			files = (
				CE07500F17126BAC008B1D09 /* InfoPlist.strings in Resources */,
				CE07501717126BAD008B1D09 /* Default.png in Resources */,
				CE07501917126BAD008B1D09 /* Default@2x.png in Resources */,
				CE07501B17126BAD008B1D09 /* Default-568h@2x.png in Resources */,
				CE94DD0F1712874C000886CF /* Wood-Planks.png in Resources */,
				CE94DD101712874C000886CF /* Wood-Planks@2x.png in Resources */,
				CE94DD1717128B78000886CF /* Apple-Wood.png in Resources */,
				CE94DD1817128B78000886CF /* Apple-Wood@2x.png in Resources */,
			);
			runOnlyForDeploymentPostprocessing = 0;
		};
/* End PBXResourcesBuildPhase section */

/* Begin PBXShellScriptBuildPhase section */
		2EDC410A70B34AA2902289BF /* Copy Pods Resources */ = {
			isa = PBXShellScriptBuildPhase;
			buildActionMask = 2147483647;
			files = (
			);
			inputPaths = (
			);
			name = "Copy Pods Resources";
			outputPaths = (
			);
			runOnlyForDeploymentPostprocessing = 0;
			shellPath = /bin/sh;
			shellScript = "\"${SRCROOT}/Pods/Pods-resources.sh\"\n";
		};
/* End PBXShellScriptBuildPhase section */

/* Begin PBXSourcesBuildPhase section */
		CE074FFD17126BAC008B1D09 /* Sources */ = {
			isa = PBXSourcesBuildPhase;
			buildActionMask = 2147483647;
			files = (
				CE07501117126BAC008B1D09 /* main.m in Sources */,
				CE07501517126BAD008B1D09 /* XSAppDelegate.m in Sources */,
				CE07501E17126BAD008B1D09 /* XSViewController.m in Sources */,
				CE07502917126EE7008B1D09 /* Cell.m in Sources */,
				CE07502C171271BA008B1D09 /* XSUICollectionViewFlowLayout.m in Sources */,
				CE94DD1417128863000886CF /* XSDecorationView.m in Sources */,
				CE94DD1B17129DE6000886CF /* ConferenceLayoutAttributes.m in Sources */,
			);
			runOnlyForDeploymentPostprocessing = 0;
		};
/* End PBXSourcesBuildPhase section */

/* Begin PBXVariantGroup section */
		CE07500D17126BAC008B1D09 /* InfoPlist.strings */ = {
			isa = PBXVariantGroup;
			children = (
				CE07500E17126BAC008B1D09 /* en */,
			);
			name = InfoPlist.strings;
			sourceTree = "<group>";
		};
/* End PBXVariantGroup section */

/* Begin XCBuildConfiguration section */
		CE07502217126BAD008B1D09 /* Debug */ = {
			isa = XCBuildConfiguration;
			buildSettings = {
				ALWAYS_SEARCH_USER_PATHS = NO;
				CLANG_CXX_LANGUAGE_STANDARD = "gnu++0x";
				CLANG_CXX_LIBRARY = "libc++";
				CLANG_ENABLE_OBJC_ARC = YES;
				CLANG_WARN_CONSTANT_CONVERSION = YES;
				CLANG_WARN_EMPTY_BODY = YES;
				CLANG_WARN_ENUM_CONVERSION = YES;
				CLANG_WARN_INT_CONVERSION = YES;
				CLANG_WARN__DUPLICATE_METHOD_MATCH = YES;
				"CODE_SIGN_IDENTITY[sdk=iphoneos*]" = "iPhone Developer";
				COPY_PHASE_STRIP = NO;
				GCC_C_LANGUAGE_STANDARD = gnu99;
				GCC_DYNAMIC_NO_PIC = NO;
				GCC_OPTIMIZATION_LEVEL = 0;
				GCC_PREPROCESSOR_DEFINITIONS = (
					"DEBUG=1",
					"$(inherited)",
				);
				GCC_SYMBOLS_PRIVATE_EXTERN = NO;
				GCC_WARN_ABOUT_RETURN_TYPE = YES;
				GCC_WARN_UNINITIALIZED_AUTOS = YES;
				GCC_WARN_UNUSED_VARIABLE = YES;
				IPHONEOS_DEPLOYMENT_TARGET = 6.1;
				ONLY_ACTIVE_ARCH = YES;
				SDKROOT = iphoneos;
				TARGETED_DEVICE_FAMILY = 2;
			};
			name = Debug;
		};
		CE07502317126BAD008B1D09 /* Release */ = {
			isa = XCBuildConfiguration;
			buildSettings = {
				ALWAYS_SEARCH_USER_PATHS = NO;
				CLANG_CXX_LANGUAGE_STANDARD = "gnu++0x";
				CLANG_CXX_LIBRARY = "libc++";
				CLANG_ENABLE_OBJC_ARC = YES;
				CLANG_WARN_CONSTANT_CONVERSION = YES;
				CLANG_WARN_EMPTY_BODY = YES;
				CLANG_WARN_ENUM_CONVERSION = YES;
				CLANG_WARN_INT_CONVERSION = YES;
				CLANG_WARN__DUPLICATE_METHOD_MATCH = YES;
				"CODE_SIGN_IDENTITY[sdk=iphoneos*]" = "iPhone Developer";
				COPY_PHASE_STRIP = YES;
				GCC_C_LANGUAGE_STANDARD = gnu99;
				GCC_WARN_ABOUT_RETURN_TYPE = YES;
				GCC_WARN_UNINITIALIZED_AUTOS = YES;
				GCC_WARN_UNUSED_VARIABLE = YES;
				IPHONEOS_DEPLOYMENT_TARGET = 6.1;
				OTHER_CFLAGS = "-DNS_BLOCK_ASSERTIONS=1";
				SDKROOT = iphoneos;
				TARGETED_DEVICE_FAMILY = 2;
				VALIDATE_PRODUCT = YES;
			};
			name = Release;
		};
		CE07502517126BAD008B1D09 /* Debug */ = {
			isa = XCBuildConfiguration;
			baseConfigurationReference = A5866C65090F4E06957E933D /* Pods.xcconfig */;
			buildSettings = {
				GCC_PRECOMPILE_PREFIX_HEADER = YES;
				GCC_PREFIX_HEADER = "BookselfDemo/BookselfDemo-Prefix.pch";
				INFOPLIST_FILE = "BookselfDemo/BookselfDemo-Info.plist";
				IPHONEOS_DEPLOYMENT_TARGET = 5.0;
				PRODUCT_NAME = "$(TARGET_NAME)";
				WRAPPER_EXTENSION = app;
			};
			name = Debug;
		};
		CE07502617126BAD008B1D09 /* Release */ = {
			isa = XCBuildConfiguration;
			baseConfigurationReference = A5866C65090F4E06957E933D /* Pods.xcconfig */;
			buildSettings = {
				GCC_PRECOMPILE_PREFIX_HEADER = YES;
				GCC_PREFIX_HEADER = "BookselfDemo/BookselfDemo-Prefix.pch";
				INFOPLIST_FILE = "BookselfDemo/BookselfDemo-Info.plist";
				IPHONEOS_DEPLOYMENT_TARGET = 5.0;
				PRODUCT_NAME = "$(TARGET_NAME)";
				WRAPPER_EXTENSION = app;
			};
			name = Release;
		};
/* End XCBuildConfiguration section */

/* Begin XCConfigurationList section */
		CE074FFC17126BAC008B1D09 /* Build configuration list for PBXProject "BookselfDemo" */ = {
			isa = XCConfigurationList;
			buildConfigurations = (
				CE07502217126BAD008B1D09 /* Debug */,
				CE07502317126BAD008B1D09 /* Release */,
			);
			defaultConfigurationIsVisible = 0;
			defaultConfigurationName = Release;
		};
		CE07502417126BAD008B1D09 /* Build configuration list for PBXNativeTarget "BookselfDemo" */ = {
			isa = XCConfigurationList;
			buildConfigurations = (
				CE07502517126BAD008B1D09 /* Debug */,
				CE07502617126BAD008B1D09 /* Release */,
			);
			defaultConfigurationIsVisible = 0;
			defaultConfigurationName = Release;
		};
/* End XCConfigurationList section */
	};
	rootObject = CE074FF917126BAC008B1D09 /* Project object */;
}
